
Microsoft Visual Studio Solution File, Format Version 12.00
# Visual Studio Version 16
VisualStudioVersion = 16.0.30523.141
MinimumVisualStudioVersion = 10.0.40219.1
Project("{FAE04EC0-301F-11D3-BF4B-00C04F79EFBC}") = "StringMatchingAlgorithm", "StringMatchingAlgorithm\StringMatchingAlgorithm.csproj", "{CE7B671F-2E74-4F05-B51C-64E1A96FEEEE}"
EndProject
Global
	GlobalSection(SolutionConfigurationPlatforms) = preSolution
		Debug|Any CPU = Debug|Any CPU
		Release|Any CPU = Release|Any CPU
	EndGlobalSection
	GlobalSection(ProjectConfigurationPlatforms) = postSolution
		{CE7B671F-2E74-4F05-B51C-64E1A96FEEEE}.Debug|Any CPU.ActiveCfg = Debug|Any CPU
		{CE7B671F-2E74-4F05-B51C-64E1A96FEEEE}.Debug|Any CPU.Build.0 = Debug|Any CPU
		{CE7B671F-2E74-4F05-B51C-64E1A96FEEEE}.Release|Any CPU.ActiveCfg = Release|Any CPU
		{CE7B671F-2E74-4F05-B51C-64E1A96FEEEE}.Release|Any CPU.Build.0 = Release|Any CPU
	EndGlobalSection
	GlobalSection(SolutionProperties) = preSolution
		HideSolutionNode = FALSE
	EndGlobalSection
	GlobalSection(ExtensibilityGlobals) = postSolution
		SolutionGuid = {EDBAA8B7-8B4D-474C-A5DE-88C935BCD81F}
	EndGlobalSection
EndGlobal
